// !$*UTF8*$!
{
	archiveVersion = 1;
	classes = {
	};
	objectVersion = 56;
	objects = {

/* Begin PBXBuildFile section */
		51FB0EE6D1319697E9CD0D2A /* Pods_ecoflow_monitor_API_ecoflow_monitor_Domain.framework in Frameworks */ = {isa = PBXBuildFile; fileRef = 46BEB565EB9B76AA46C59BE3 /* Pods_ecoflow_monitor_API_ecoflow_monitor_Domain.framework */; };
		B6F9BEAE9B70A11F39EBF33B /* Pods_ecoflow_monitor_API.framework in Frameworks */ = {isa = PBXBuildFile; fileRef = 3D70DF237341E16469B2A994 /* Pods_ecoflow_monitor_API.framework */; };
		E385D98431F805D2AD4E0B73 /* Pods_ecoflow_monitor_API_ecoflow_monitor_Domain_ecoflow_monitor.framework in Frameworks */ = {isa = PBXBuildFile; fileRef = F5157DF6DB4FCBE5338BE699 /* Pods_ecoflow_monitor_API_ecoflow_monitor_Domain_ecoflow_monitor.framework */; };
		E81EB5992C4EEC8700314510 /* ecoflow_monitorApp.swift in Sources */ = {isa = PBXBuildFile; fileRef = E81EB5982C4EEC8700314510 /* ecoflow_monitorApp.swift */; };
		E81EB59B2C4EEC8700314510 /* LoginView.swift in Sources */ = {isa = PBXBuildFile; fileRef = E81EB59A2C4EEC8700314510 /* LoginView.swift */; };
		E81EB59D2C4EEC8900314510 /* Assets.xcassets in Resources */ = {isa = PBXBuildFile; fileRef = E81EB59C2C4EEC8900314510 /* Assets.xcassets */; };
		E81EB5A02C4EEC8900314510 /* Preview Assets.xcassets in Resources */ = {isa = PBXBuildFile; fileRef = E81EB59F2C4EEC8900314510 /* Preview Assets.xcassets */; };
		E81EB5BF2C5027EC00314510 /* EcoflowAuthData.swift in Sources */ = {isa = PBXBuildFile; fileRef = E81EB5BE2C5027EC00314510 /* EcoflowAuthData.swift */; };
		E81EB5C12C50280E00314510 /* EcoflowMQTTAuthData.swift in Sources */ = {isa = PBXBuildFile; fileRef = E81EB5C02C50280E00314510 /* EcoflowMQTTAuthData.swift */; };
		E81EB5C72C5032F300314510 /* EcoflowAuthDAO.swift in Sources */ = {isa = PBXBuildFile; fileRef = E81EB5C62C5032F300314510 /* EcoflowAuthDAO.swift */; };
		E81EB5D52C50361800314510 /* EcoflowAPIDAO.swift in Sources */ = {isa = PBXBuildFile; fileRef = E81EB5D42C50361800314510 /* EcoflowAPIDAO.swift */; };
		E81EB5E42C503DDF00314510 /* libecoflow_monitor.Data.a in Frameworks */ = {isa = PBXBuildFile; fileRef = E81EB5B52C50277F00314510 /* libecoflow_monitor.Data.a */; };
		E81EB5FE2C54E94100314510 /* EcoflowAuthContext.swift in Sources */ = {isa = PBXBuildFile; fileRef = E81EB5FD2C54E94100314510 /* EcoflowAuthContext.swift */; };
		E81EB6042C54E97200314510 /* libecoflow_monitor.Data.a in Frameworks */ = {isa = PBXBuildFile; fileRef = E81EB5B52C50277F00314510 /* libecoflow_monitor.Data.a */; };
		E81EB6062C54EB5A00314510 /* EcoflowMQTTConnector.swift in Sources */ = {isa = PBXBuildFile; fileRef = E81EB6052C54EB5A00314510 /* EcoflowMQTTConnector.swift */; };
		E81EB6072C56D67700314510 /* libecoflow_monitor.Domain.a in Frameworks */ = {isa = PBXBuildFile; fileRef = E81EB5F62C54E87200314510 /* libecoflow_monitor.Domain.a */; };
		E81EB60B2C582A6300314510 /* EcoflowDataResponse.swift in Sources */ = {isa = PBXBuildFile; fileRef = E81EB60A2C582A6300314510 /* EcoflowDataResponse.swift */; };
		E81EB60D2C582ED800314510 /* LoginViewModel.swift in Sources */ = {isa = PBXBuildFile; fileRef = E81EB60C2C582ED800314510 /* LoginViewModel.swift */; };
		E81EB6192C654AA400314510 /* ColorExtensions.swift in Sources */ = {isa = PBXBuildFile; fileRef = E81EB6182C654AA400314510 /* ColorExtensions.swift */; };
		E81EB6222C67E12800314510 /* Localizable.strings in Resources */ = {isa = PBXBuildFile; fileRef = E81EB6242C67E12800314510 /* Localizable.strings */; };
		E81EB6262C67E1A800314510 /* StringExtensions.swift in Sources */ = {isa = PBXBuildFile; fileRef = E81EB6252C67E1A800314510 /* StringExtensions.swift */; };
		E81EB6282C67E8A300314510 /* LoadError.swift in Sources */ = {isa = PBXBuildFile; fileRef = E81EB6272C67E8A300314510 /* LoadError.swift */; };
		E81EB62A2C69095200314510 /* EcoflowDeviceDAO.swift in Sources */ = {isa = PBXBuildFile; fileRef = E81EB6292C69095200314510 /* EcoflowDeviceDAO.swift */; };
		E81EB62C2C69097600314510 /* EcoflowDevice.swift in Sources */ = {isa = PBXBuildFile; fileRef = E81EB62B2C69097600314510 /* EcoflowDevice.swift */; };
		E81EB62F2C69121900314510 /* DeviceListView.swift in Sources */ = {isa = PBXBuildFile; fileRef = E81EB62E2C69121900314510 /* DeviceListView.swift */; };
		E81EB6312C69122B00314510 /* DeviceListViewModel.swift in Sources */ = {isa = PBXBuildFile; fileRef = E81EB6302C69122B00314510 /* DeviceListViewModel.swift */; };
		E81EB6342C69143C00314510 /* Inject.swift in Sources */ = {isa = PBXBuildFile; fileRef = E81EB6332C69143C00314510 /* Inject.swift */; };
		E81EB6362C69147A00314510 /* ServiceLocator.swift in Sources */ = {isa = PBXBuildFile; fileRef = E81EB6352C69147A00314510 /* ServiceLocator.swift */; };
		E81EB6382C69152B00314510 /* ContainerBuilder.swift in Sources */ = {isa = PBXBuildFile; fileRef = E81EB6372C69152B00314510 /* ContainerBuilder.swift */; };
		E81EB6472C691E0F00314510 /* EcoflowMockDAO.swift in Sources */ = {isa = PBXBuildFile; fileRef = E81EB6462C691E0F00314510 /* EcoflowMockDAO.swift */; };
		E81EB64C2C69225000314510 /* libecoflow_monitor.API.a in Frameworks */ = {isa = PBXBuildFile; fileRef = E81EB5CC2C5035E800314510 /* libecoflow_monitor.API.a */; };
		E81EB64D2C69225000314510 /* libecoflow_monitor.Mock.a in Frameworks */ = {isa = PBXBuildFile; fileRef = E81EB63D2C691DC800314510 /* libecoflow_monitor.Mock.a */; };
		E81EB64F2C6A8B6600314510 /* EcoflowDevicesContext.swift in Sources */ = {isa = PBXBuildFile; fileRef = E81EB64E2C6A8B6600314510 /* EcoflowDevicesContext.swift */; };
		E81EB6512C6C7CAF00314510 /* KnownParameters.swift in Sources */ = {isa = PBXBuildFile; fileRef = E81EB6502C6C7CAF00314510 /* KnownParameters.swift */; };
		E81EB6532C6CB7C300314510 /* EcoflowDeviceObserver.swift in Sources */ = {isa = PBXBuildFile; fileRef = E81EB6522C6CB7C300314510 /* EcoflowDeviceObserver.swift */; };
		E81EB6552C6D39C400314510 /* DeviceListItemView.swift in Sources */ = {isa = PBXBuildFile; fileRef = E81EB6542C6D39C400314510 /* DeviceListItemView.swift */; };
		E81EB6572C6D3A1000314510 /* DeviceListItemViewModel.swift in Sources */ = {isa = PBXBuildFile; fileRef = E81EB6562C6D3A1000314510 /* DeviceListItemViewModel.swift */; };
		E81EB65D2C6D417A00314510 /* MQTTConnector.swift in Sources */ = {isa = PBXBuildFile; fileRef = E81EB65C2C6D417A00314510 /* MQTTConnector.swift */; };
		E81EB65F2C6D439500314510 /* MockMQTTConnector.swift in Sources */ = {isa = PBXBuildFile; fileRef = E81EB65E2C6D439500314510 /* MockMQTTConnector.swift */; };
		E81EB6622C6DD0C300314510 /* libecoflow_monitor.Data.a in Frameworks */ = {isa = PBXBuildFile; fileRef = E81EB5B52C50277F00314510 /* libecoflow_monitor.Data.a */; };
		E81EB6632C6DD0C300314510 /* libecoflow_monitor.Domain.a in Frameworks */ = {isa = PBXBuildFile; fileRef = E81EB5F62C54E87200314510 /* libecoflow_monitor.Domain.a */; };
/* End PBXBuildFile section */

/* Begin PBXContainerItemProxy section */
		E81EB5D92C50364700314510 /* PBXContainerItemProxy */ = {
			isa = PBXContainerItemProxy;
			containerPortal = E81EB58D2C4EEC8700314510 /* Project object */;
			proxyType = 1;
			remoteGlobalIDString = E81EB5B42C50277F00314510;
			remoteInfo = ecoflow_monitor.Data;
		};
		E81EB5E52C503DDF00314510 /* PBXContainerItemProxy */ = {
			isa = PBXContainerItemProxy;
			containerPortal = E81EB58D2C4EEC8700314510 /* Project object */;
			proxyType = 1;
			remoteGlobalIDString = E81EB5B42C50277F00314510;
			remoteInfo = ecoflow_monitor.Data;
		};
		E81EB6012C54E96A00314510 /* PBXContainerItemProxy */ = {
			isa = PBXContainerItemProxy;
			containerPortal = E81EB58D2C4EEC8700314510 /* Project object */;
			proxyType = 1;
			remoteGlobalIDString = E81EB5B42C50277F00314510;
			remoteInfo = ecoflow_monitor.Data;
		};
		E81EB6082C56D67700314510 /* PBXContainerItemProxy */ = {
			isa = PBXContainerItemProxy;
			containerPortal = E81EB58D2C4EEC8700314510 /* Project object */;
			proxyType = 1;
			remoteGlobalIDString = E81EB5F52C54E87200314510;
			remoteInfo = ecoflow_monitor.Domain;
		};
		E81EB6442C691DFA00314510 /* PBXContainerItemProxy */ = {
			isa = PBXContainerItemProxy;
			containerPortal = E81EB58D2C4EEC8700314510 /* Project object */;
			proxyType = 1;
			remoteGlobalIDString = E81EB5B42C50277F00314510;
			remoteInfo = ecoflow_monitor.Data;
		};
		E81EB6482C6921DF00314510 /* PBXContainerItemProxy */ = {
			isa = PBXContainerItemProxy;
			containerPortal = E81EB58D2C4EEC8700314510 /* Project object */;
			proxyType = 1;
			remoteGlobalIDString = E81EB63C2C691DC800314510;
			remoteInfo = ecoflow_monitor.Mock;
		};
		E81EB64A2C69224700314510 /* PBXContainerItemProxy */ = {
			isa = PBXContainerItemProxy;
			containerPortal = E81EB58D2C4EEC8700314510 /* Project object */;
			proxyType = 1;
			remoteGlobalIDString = E81EB5CB2C5035E800314510;
			remoteInfo = ecoflow_monitor.API;
		};
		E81EB6602C6DD0BE00314510 /* PBXContainerItemProxy */ = {
			isa = PBXContainerItemProxy;
			containerPortal = E81EB58D2C4EEC8700314510 /* Project object */;
			proxyType = 1;
			remoteGlobalIDString = E81EB5F52C54E87200314510;
			remoteInfo = ecoflow_monitor.Domain;
		};
/* End PBXContainerItemProxy section */

/* Begin PBXCopyFilesBuildPhase section */
		E81EB5B32C50277F00314510 /* CopyFiles */ = {
			isa = PBXCopyFilesBuildPhase;
			buildActionMask = 2147483647;
			dstPath = "include/$(PRODUCT_NAME)";
			dstSubfolderSpec = 16;
			files = (
			);
			runOnlyForDeploymentPostprocessing = 0;
		};
		E81EB5CA2C5035E800314510 /* CopyFiles */ = {
			isa = PBXCopyFilesBuildPhase;
			buildActionMask = 2147483647;
			dstPath = "include/$(PRODUCT_NAME)";
			dstSubfolderSpec = 16;
			files = (
			);
			runOnlyForDeploymentPostprocessing = 0;
		};
		E81EB5F42C54E87200314510 /* CopyFiles */ = {
			isa = PBXCopyFilesBuildPhase;
			buildActionMask = 2147483647;
			dstPath = "include/$(PRODUCT_NAME)";
			dstSubfolderSpec = 16;
			files = (
			);
			runOnlyForDeploymentPostprocessing = 0;
		};
		E81EB63B2C691DC800314510 /* CopyFiles */ = {
			isa = PBXCopyFilesBuildPhase;
			buildActionMask = 2147483647;
			dstPath = "include/$(PRODUCT_NAME)";
			dstSubfolderSpec = 16;
			files = (
			);
			runOnlyForDeploymentPostprocessing = 0;
		};
/* End PBXCopyFilesBuildPhase section */

/* Begin PBXFileReference section */
		0249C3173B9FE532CB1AA955 /* Pods-ecoflow_monitor.API-ecoflow_monitor.Domain-ecoflow_monitor.release.xcconfig */ = {isa = PBXFileReference; includeInIndex = 1; lastKnownFileType = text.xcconfig; name = "Pods-ecoflow_monitor.API-ecoflow_monitor.Domain-ecoflow_monitor.release.xcconfig"; path = "Target Support Files/Pods-ecoflow_monitor.API-ecoflow_monitor.Domain-ecoflow_monitor/Pods-ecoflow_monitor.API-ecoflow_monitor.Domain-ecoflow_monitor.release.xcconfig"; sourceTree = "<group>"; };
		18313E19632D372B938456F9 /* Pods-ecoflow_monitor.API-ecoflow_monitor.Domain-ecoflow_monitor.debug.xcconfig */ = {isa = PBXFileReference; includeInIndex = 1; lastKnownFileType = text.xcconfig; name = "Pods-ecoflow_monitor.API-ecoflow_monitor.Domain-ecoflow_monitor.debug.xcconfig"; path = "Target Support Files/Pods-ecoflow_monitor.API-ecoflow_monitor.Domain-ecoflow_monitor/Pods-ecoflow_monitor.API-ecoflow_monitor.Domain-ecoflow_monitor.debug.xcconfig"; sourceTree = "<group>"; };
		3D70DF237341E16469B2A994 /* Pods_ecoflow_monitor_API.framework */ = {isa = PBXFileReference; explicitFileType = wrapper.framework; includeInIndex = 0; path = Pods_ecoflow_monitor_API.framework; sourceTree = BUILT_PRODUCTS_DIR; };
		46BEB565EB9B76AA46C59BE3 /* Pods_ecoflow_monitor_API_ecoflow_monitor_Domain.framework */ = {isa = PBXFileReference; explicitFileType = wrapper.framework; includeInIndex = 0; path = Pods_ecoflow_monitor_API_ecoflow_monitor_Domain.framework; sourceTree = BUILT_PRODUCTS_DIR; };
		7C0BC0E2FADED3155BFEA46C /* Pods-ecoflow_monitor.API.release.xcconfig */ = {isa = PBXFileReference; includeInIndex = 1; lastKnownFileType = text.xcconfig; name = "Pods-ecoflow_monitor.API.release.xcconfig"; path = "Target Support Files/Pods-ecoflow_monitor.API/Pods-ecoflow_monitor.API.release.xcconfig"; sourceTree = "<group>"; };
		9D677694F6A3E2ADDC87357B /* Pods-ecoflow_monitor.API.debug.xcconfig */ = {isa = PBXFileReference; includeInIndex = 1; lastKnownFileType = text.xcconfig; name = "Pods-ecoflow_monitor.API.debug.xcconfig"; path = "Target Support Files/Pods-ecoflow_monitor.API/Pods-ecoflow_monitor.API.debug.xcconfig"; sourceTree = "<group>"; };
		AB09843A0160235F3F58A276 /* Pods-ecoflow_monitor.API-ecoflow_monitor.Domain.release.xcconfig */ = {isa = PBXFileReference; includeInIndex = 1; lastKnownFileType = text.xcconfig; name = "Pods-ecoflow_monitor.API-ecoflow_monitor.Domain.release.xcconfig"; path = "Target Support Files/Pods-ecoflow_monitor.API-ecoflow_monitor.Domain/Pods-ecoflow_monitor.API-ecoflow_monitor.Domain.release.xcconfig"; sourceTree = "<group>"; };
		C92694B4D634D548AE85732F /* Pods-ecoflow_monitor.API-ecoflow_monitor.Domain.debug.xcconfig */ = {isa = PBXFileReference; includeInIndex = 1; lastKnownFileType = text.xcconfig; name = "Pods-ecoflow_monitor.API-ecoflow_monitor.Domain.debug.xcconfig"; path = "Target Support Files/Pods-ecoflow_monitor.API-ecoflow_monitor.Domain/Pods-ecoflow_monitor.API-ecoflow_monitor.Domain.debug.xcconfig"; sourceTree = "<group>"; };
		E46377979D0C8FD3EBC84A9E /* Pods-ecoflow_monitor.API-ecoflow_monitor.debug.xcconfig */ = {isa = PBXFileReference; includeInIndex = 1; lastKnownFileType = text.xcconfig; name = "Pods-ecoflow_monitor.API-ecoflow_monitor.debug.xcconfig"; path = "Target Support Files/Pods-ecoflow_monitor.API-ecoflow_monitor/Pods-ecoflow_monitor.API-ecoflow_monitor.debug.xcconfig"; sourceTree = "<group>"; };
		E81EB5952C4EEC8700314510 /* ecoflow_monitor.app */ = {isa = PBXFileReference; explicitFileType = wrapper.application; includeInIndex = 0; path = ecoflow_monitor.app; sourceTree = BUILT_PRODUCTS_DIR; };
		E81EB5982C4EEC8700314510 /* ecoflow_monitorApp.swift */ = {isa = PBXFileReference; lastKnownFileType = sourcecode.swift; path = ecoflow_monitorApp.swift; sourceTree = "<group>"; };
		E81EB59A2C4EEC8700314510 /* LoginView.swift */ = {isa = PBXFileReference; lastKnownFileType = sourcecode.swift; path = LoginView.swift; sourceTree = "<group>"; };
		E81EB59C2C4EEC8900314510 /* Assets.xcassets */ = {isa = PBXFileReference; lastKnownFileType = folder.assetcatalog; path = Assets.xcassets; sourceTree = "<group>"; };
		E81EB59F2C4EEC8900314510 /* Preview Assets.xcassets */ = {isa = PBXFileReference; lastKnownFileType = folder.assetcatalog; path = "Preview Assets.xcassets"; sourceTree = "<group>"; };
		E81EB5B52C50277F00314510 /* libecoflow_monitor.Data.a */ = {isa = PBXFileReference; explicitFileType = archive.ar; includeInIndex = 0; path = libecoflow_monitor.Data.a; sourceTree = BUILT_PRODUCTS_DIR; };
		E81EB5BE2C5027EC00314510 /* EcoflowAuthData.swift */ = {isa = PBXFileReference; lastKnownFileType = sourcecode.swift; path = EcoflowAuthData.swift; sourceTree = "<group>"; };
		E81EB5C02C50280E00314510 /* EcoflowMQTTAuthData.swift */ = {isa = PBXFileReference; lastKnownFileType = sourcecode.swift; path = EcoflowMQTTAuthData.swift; sourceTree = "<group>"; };
		E81EB5C62C5032F300314510 /* EcoflowAuthDAO.swift */ = {isa = PBXFileReference; lastKnownFileType = sourcecode.swift; path = EcoflowAuthDAO.swift; sourceTree = "<group>"; };
		E81EB5CC2C5035E800314510 /* libecoflow_monitor.API.a */ = {isa = PBXFileReference; explicitFileType = archive.ar; includeInIndex = 0; path = libecoflow_monitor.API.a; sourceTree = BUILT_PRODUCTS_DIR; };
		E81EB5D42C50361800314510 /* EcoflowAPIDAO.swift */ = {isa = PBXFileReference; lastKnownFileType = sourcecode.swift; path = EcoflowAPIDAO.swift; sourceTree = "<group>"; };
		E81EB5F62C54E87200314510 /* libecoflow_monitor.Domain.a */ = {isa = PBXFileReference; explicitFileType = archive.ar; includeInIndex = 0; path = libecoflow_monitor.Domain.a; sourceTree = BUILT_PRODUCTS_DIR; };
		E81EB5FD2C54E94100314510 /* EcoflowAuthContext.swift */ = {isa = PBXFileReference; lastKnownFileType = sourcecode.swift; path = EcoflowAuthContext.swift; sourceTree = "<group>"; };
		E81EB6052C54EB5A00314510 /* EcoflowMQTTConnector.swift */ = {isa = PBXFileReference; lastKnownFileType = sourcecode.swift; path = EcoflowMQTTConnector.swift; sourceTree = "<group>"; };
		E81EB60A2C582A6300314510 /* EcoflowDataResponse.swift */ = {isa = PBXFileReference; lastKnownFileType = sourcecode.swift; path = EcoflowDataResponse.swift; sourceTree = "<group>"; };
		E81EB60C2C582ED800314510 /* LoginViewModel.swift */ = {isa = PBXFileReference; lastKnownFileType = sourcecode.swift; path = LoginViewModel.swift; sourceTree = "<group>"; };
		E81EB6182C654AA400314510 /* ColorExtensions.swift */ = {isa = PBXFileReference; lastKnownFileType = sourcecode.swift; path = ColorExtensions.swift; sourceTree = "<group>"; };
		E81EB6232C67E12800314510 /* en */ = {isa = PBXFileReference; lastKnownFileType = text.plist.strings; name = en; path = en.lproj/Localizable.strings; sourceTree = "<group>"; };
		E81EB6252C67E1A800314510 /* StringExtensions.swift */ = {isa = PBXFileReference; lastKnownFileType = sourcecode.swift; path = StringExtensions.swift; sourceTree = "<group>"; };
		E81EB6272C67E8A300314510 /* LoadError.swift */ = {isa = PBXFileReference; lastKnownFileType = sourcecode.swift; path = LoadError.swift; sourceTree = "<group>"; };
		E81EB6292C69095200314510 /* EcoflowDeviceDAO.swift */ = {isa = PBXFileReference; lastKnownFileType = sourcecode.swift; path = EcoflowDeviceDAO.swift; sourceTree = "<group>"; };
		E81EB62B2C69097600314510 /* EcoflowDevice.swift */ = {isa = PBXFileReference; lastKnownFileType = sourcecode.swift; path = EcoflowDevice.swift; sourceTree = "<group>"; };
		E81EB62E2C69121900314510 /* DeviceListView.swift */ = {isa = PBXFileReference; lastKnownFileType = sourcecode.swift; path = DeviceListView.swift; sourceTree = "<group>"; };
		E81EB6302C69122B00314510 /* DeviceListViewModel.swift */ = {isa = PBXFileReference; lastKnownFileType = sourcecode.swift; path = DeviceListViewModel.swift; sourceTree = "<group>"; };
		E81EB6332C69143C00314510 /* Inject.swift */ = {isa = PBXFileReference; lastKnownFileType = sourcecode.swift; path = Inject.swift; sourceTree = "<group>"; };
		E81EB6352C69147A00314510 /* ServiceLocator.swift */ = {isa = PBXFileReference; lastKnownFileType = sourcecode.swift; path = ServiceLocator.swift; sourceTree = "<group>"; };
		E81EB6372C69152B00314510 /* ContainerBuilder.swift */ = {isa = PBXFileReference; lastKnownFileType = sourcecode.swift; path = ContainerBuilder.swift; sourceTree = "<group>"; };
		E81EB63D2C691DC800314510 /* libecoflow_monitor.Mock.a */ = {isa = PBXFileReference; explicitFileType = archive.ar; includeInIndex = 0; path = libecoflow_monitor.Mock.a; sourceTree = BUILT_PRODUCTS_DIR; };
		E81EB6462C691E0F00314510 /* EcoflowMockDAO.swift */ = {isa = PBXFileReference; lastKnownFileType = sourcecode.swift; path = EcoflowMockDAO.swift; sourceTree = "<group>"; };
		E81EB64E2C6A8B6600314510 /* EcoflowDevicesContext.swift */ = {isa = PBXFileReference; lastKnownFileType = sourcecode.swift; path = EcoflowDevicesContext.swift; sourceTree = "<group>"; };
		E81EB6502C6C7CAF00314510 /* KnownParameters.swift */ = {isa = PBXFileReference; lastKnownFileType = sourcecode.swift; path = KnownParameters.swift; sourceTree = "<group>"; };
		E81EB6522C6CB7C300314510 /* EcoflowDeviceObserver.swift */ = {isa = PBXFileReference; lastKnownFileType = sourcecode.swift; path = EcoflowDeviceObserver.swift; sourceTree = "<group>"; };
		E81EB6542C6D39C400314510 /* DeviceListItemView.swift */ = {isa = PBXFileReference; lastKnownFileType = sourcecode.swift; path = DeviceListItemView.swift; sourceTree = "<group>"; };
		E81EB6562C6D3A1000314510 /* DeviceListItemViewModel.swift */ = {isa = PBXFileReference; lastKnownFileType = sourcecode.swift; path = DeviceListItemViewModel.swift; sourceTree = "<group>"; };
		E81EB65C2C6D417A00314510 /* MQTTConnector.swift */ = {isa = PBXFileReference; lastKnownFileType = sourcecode.swift; path = MQTTConnector.swift; sourceTree = "<group>"; };
		E81EB65E2C6D439500314510 /* MockMQTTConnector.swift */ = {isa = PBXFileReference; lastKnownFileType = sourcecode.swift; path = MockMQTTConnector.swift; sourceTree = "<group>"; };
		EB573F8DC5AB18B0E77A6A8A /* Pods-ecoflow_monitor.API-ecoflow_monitor.release.xcconfig */ = {isa = PBXFileReference; includeInIndex = 1; lastKnownFileType = text.xcconfig; name = "Pods-ecoflow_monitor.API-ecoflow_monitor.release.xcconfig"; path = "Target Support Files/Pods-ecoflow_monitor.API-ecoflow_monitor/Pods-ecoflow_monitor.API-ecoflow_monitor.release.xcconfig"; sourceTree = "<group>"; };
		F5157DF6DB4FCBE5338BE699 /* Pods_ecoflow_monitor_API_ecoflow_monitor_Domain_ecoflow_monitor.framework */ = {isa = PBXFileReference; explicitFileType = wrapper.framework; includeInIndex = 0; path = Pods_ecoflow_monitor_API_ecoflow_monitor_Domain_ecoflow_monitor.framework; sourceTree = BUILT_PRODUCTS_DIR; };
/* End PBXFileReference section */

/* Begin PBXFrameworksBuildPhase section */
		E81EB5922C4EEC8700314510 /* Frameworks */ = {
			isa = PBXFrameworksBuildPhase;
			buildActionMask = 2147483647;
			files = (
				E81EB64C2C69225000314510 /* libecoflow_monitor.API.a in Frameworks */,
				E81EB64D2C69225000314510 /* libecoflow_monitor.Mock.a in Frameworks */,
				E81EB5E42C503DDF00314510 /* libecoflow_monitor.Data.a in Frameworks */,
				E385D98431F805D2AD4E0B73 /* Pods_ecoflow_monitor_API_ecoflow_monitor_Domain_ecoflow_monitor.framework in Frameworks */,
				E81EB6072C56D67700314510 /* libecoflow_monitor.Domain.a in Frameworks */,
			);
			runOnlyForDeploymentPostprocessing = 0;
		};
		E81EB5B22C50277F00314510 /* Frameworks */ = {
			isa = PBXFrameworksBuildPhase;
			buildActionMask = 2147483647;
			files = (
			);
			runOnlyForDeploymentPostprocessing = 0;
		};
		E81EB5C92C5035E800314510 /* Frameworks */ = {
			isa = PBXFrameworksBuildPhase;
			buildActionMask = 2147483647;
			files = (
				B6F9BEAE9B70A11F39EBF33B /* Pods_ecoflow_monitor_API.framework in Frameworks */,
			);
			runOnlyForDeploymentPostprocessing = 0;
		};
		E81EB5F32C54E87200314510 /* Frameworks */ = {
			isa = PBXFrameworksBuildPhase;
			buildActionMask = 2147483647;
			files = (
				E81EB6042C54E97200314510 /* libecoflow_monitor.Data.a in Frameworks */,
				51FB0EE6D1319697E9CD0D2A /* Pods_ecoflow_monitor_API_ecoflow_monitor_Domain.framework in Frameworks */,
			);
			runOnlyForDeploymentPostprocessing = 0;
		};
		E81EB63A2C691DC800314510 /* Frameworks */ = {
			isa = PBXFrameworksBuildPhase;
			buildActionMask = 2147483647;
			files = (
				E81EB6622C6DD0C300314510 /* libecoflow_monitor.Data.a in Frameworks */,
				E81EB6632C6DD0C300314510 /* libecoflow_monitor.Domain.a in Frameworks */,
			);
			runOnlyForDeploymentPostprocessing = 0;
		};
/* End PBXFrameworksBuildPhase section */

/* Begin PBXGroup section */
		A50708BB90909D5747C2F06D /* Pods */ = {
			isa = PBXGroup;
			children = (
				9D677694F6A3E2ADDC87357B /* Pods-ecoflow_monitor.API.debug.xcconfig */,
				7C0BC0E2FADED3155BFEA46C /* Pods-ecoflow_monitor.API.release.xcconfig */,
				E46377979D0C8FD3EBC84A9E /* Pods-ecoflow_monitor.API-ecoflow_monitor.debug.xcconfig */,
				EB573F8DC5AB18B0E77A6A8A /* Pods-ecoflow_monitor.API-ecoflow_monitor.release.xcconfig */,
				C92694B4D634D548AE85732F /* Pods-ecoflow_monitor.API-ecoflow_monitor.Domain.debug.xcconfig */,
				AB09843A0160235F3F58A276 /* Pods-ecoflow_monitor.API-ecoflow_monitor.Domain.release.xcconfig */,
				18313E19632D372B938456F9 /* Pods-ecoflow_monitor.API-ecoflow_monitor.Domain-ecoflow_monitor.debug.xcconfig */,
				0249C3173B9FE532CB1AA955 /* Pods-ecoflow_monitor.API-ecoflow_monitor.Domain-ecoflow_monitor.release.xcconfig */,
			);
			path = Pods;
			sourceTree = "<group>";
		};
		E81EB58C2C4EEC8700314510 = {
			isa = PBXGroup;
			children = (
				E81EB5972C4EEC8700314510 /* ecoflow_monitor */,
				E81EB5B62C50277F00314510 /* ecoflow_monitor.Data */,
				E81EB5CD2C5035E800314510 /* ecoflow_monitor.API */,
				E81EB5F72C54E87200314510 /* ecoflow_monitor.Domain */,
				E81EB63E2C691DC800314510 /* ecoflow_monitor.Mock */,
				E81EB5962C4EEC8700314510 /* Products */,
				A50708BB90909D5747C2F06D /* Pods */,
				EF1CE6E2728041D6431CC2DF /* Frameworks */,
			);
			sourceTree = "<group>";
		};
		E81EB5962C4EEC8700314510 /* Products */ = {
			isa = PBXGroup;
			children = (
				E81EB5952C4EEC8700314510 /* ecoflow_monitor.app */,
				E81EB5B52C50277F00314510 /* libecoflow_monitor.Data.a */,
				E81EB5CC2C5035E800314510 /* libecoflow_monitor.API.a */,
				E81EB5F62C54E87200314510 /* libecoflow_monitor.Domain.a */,
				E81EB63D2C691DC800314510 /* libecoflow_monitor.Mock.a */,
			);
			name = Products;
			sourceTree = "<group>";
		};
		E81EB5972C4EEC8700314510 /* ecoflow_monitor */ = {
			isa = PBXGroup;
			children = (
				E81EB6322C6913FF00314510 /* DIExtensions */,
				E81EB6152C654A2500314510 /* Views */,
				E81EB6142C654A1200314510 /* Extensions */,
				E81EB5982C4EEC8700314510 /* ecoflow_monitorApp.swift */,
				E81EB6242C67E12800314510 /* Localizable.strings */,
				E81EB59C2C4EEC8900314510 /* Assets.xcassets */,
				E81EB59E2C4EEC8900314510 /* Preview Content */,
			);
			path = ecoflow_monitor;
			sourceTree = "<group>";
		};
		E81EB59E2C4EEC8900314510 /* Preview Content */ = {
			isa = PBXGroup;
			children = (
				E81EB59F2C4EEC8900314510 /* Preview Assets.xcassets */,
			);
			path = "Preview Content";
			sourceTree = "<group>";
		};
		E81EB5B62C50277F00314510 /* ecoflow_monitor.Data */ = {
			isa = PBXGroup;
			children = (
				E81EB5BD2C5027A400314510 /* Entities */,
				E81EB5BC2C50279C00314510 /* Protocols */,
			);
			path = ecoflow_monitor.Data;
			sourceTree = "<group>";
		};
		E81EB5BC2C50279C00314510 /* Protocols */ = {
			isa = PBXGroup;
			children = (
				E81EB5C62C5032F300314510 /* EcoflowAuthDAO.swift */,
				E81EB6292C69095200314510 /* EcoflowDeviceDAO.swift */,
			);
			path = Protocols;
			sourceTree = "<group>";
		};
		E81EB5BD2C5027A400314510 /* Entities */ = {
			isa = PBXGroup;
			children = (
				E81EB5BE2C5027EC00314510 /* EcoflowAuthData.swift */,
				E81EB5C02C50280E00314510 /* EcoflowMQTTAuthData.swift */,
				E81EB60A2C582A6300314510 /* EcoflowDataResponse.swift */,
				E81EB6272C67E8A300314510 /* LoadError.swift */,
				E81EB62B2C69097600314510 /* EcoflowDevice.swift */,
			);
			path = Entities;
			sourceTree = "<group>";
		};
		E81EB5CD2C5035E800314510 /* ecoflow_monitor.API */ = {
			isa = PBXGroup;
			children = (
				E81EB5D42C50361800314510 /* EcoflowAPIDAO.swift */,
			);
			path = ecoflow_monitor.API;
			sourceTree = "<group>";
		};
		E81EB5F72C54E87200314510 /* ecoflow_monitor.Domain */ = {
			isa = PBXGroup;
			children = (
				E81EB65B2C6D416400314510 /* MQTTConnector */,
				E81EB5FD2C54E94100314510 /* EcoflowAuthContext.swift */,
				E81EB6502C6C7CAF00314510 /* KnownParameters.swift */,
				E81EB64E2C6A8B6600314510 /* EcoflowDevicesContext.swift */,
				E81EB6522C6CB7C300314510 /* EcoflowDeviceObserver.swift */,
			);
			path = ecoflow_monitor.Domain;
			sourceTree = "<group>";
		};
		E81EB6142C654A1200314510 /* Extensions */ = {
			isa = PBXGroup;
			children = (
				E81EB6182C654AA400314510 /* ColorExtensions.swift */,
				E81EB6252C67E1A800314510 /* StringExtensions.swift */,
			);
			path = Extensions;
			sourceTree = "<group>";
		};
		E81EB6152C654A2500314510 /* Views */ = {
			isa = PBXGroup;
			children = (
				E81EB6162C654A4E00314510 /* Login */,
				E81EB62D2C69120200314510 /* DeviceList */,
			);
			path = Views;
			sourceTree = "<group>";
		};
		E81EB6162C654A4E00314510 /* Login */ = {
			isa = PBXGroup;
			children = (
				E81EB59A2C4EEC8700314510 /* LoginView.swift */,
				E81EB60C2C582ED800314510 /* LoginViewModel.swift */,
			);
			path = Login;
			sourceTree = "<group>";
		};
		E81EB62D2C69120200314510 /* DeviceList */ = {
			isa = PBXGroup;
			children = (
				E81EB62E2C69121900314510 /* DeviceListView.swift */,
				E81EB6302C69122B00314510 /* DeviceListViewModel.swift */,
				E81EB6542C6D39C400314510 /* DeviceListItemView.swift */,
				E81EB6562C6D3A1000314510 /* DeviceListItemViewModel.swift */,
			);
			path = DeviceList;
			sourceTree = "<group>";
		};
		E81EB6322C6913FF00314510 /* DIExtensions */ = {
			isa = PBXGroup;
			children = (
				E81EB6332C69143C00314510 /* Inject.swift */,
				E81EB6352C69147A00314510 /* ServiceLocator.swift */,
				E81EB6372C69152B00314510 /* ContainerBuilder.swift */,
			);
			path = DIExtensions;
			sourceTree = "<group>";
		};
		E81EB63E2C691DC800314510 /* ecoflow_monitor.Mock */ = {
			isa = PBXGroup;
			children = (
				E81EB6462C691E0F00314510 /* EcoflowMockDAO.swift */,
				E81EB65E2C6D439500314510 /* MockMQTTConnector.swift */,
			);
			path = ecoflow_monitor.Mock;
			sourceTree = "<group>";
		};
		E81EB65B2C6D416400314510 /* MQTTConnector */ = {
			isa = PBXGroup;
			children = (
				E81EB6052C54EB5A00314510 /* EcoflowMQTTConnector.swift */,
				E81EB65C2C6D417A00314510 /* MQTTConnector.swift */,
			);
			path = MQTTConnector;
			sourceTree = "<group>";
		};
		EF1CE6E2728041D6431CC2DF /* Frameworks */ = {
			isa = PBXGroup;
			children = (
				3D70DF237341E16469B2A994 /* Pods_ecoflow_monitor_API.framework */,
				46BEB565EB9B76AA46C59BE3 /* Pods_ecoflow_monitor_API_ecoflow_monitor_Domain.framework */,
				F5157DF6DB4FCBE5338BE699 /* Pods_ecoflow_monitor_API_ecoflow_monitor_Domain_ecoflow_monitor.framework */,
			);
			name = Frameworks;
			sourceTree = "<group>";
		};
/* End PBXGroup section */

/* Begin PBXNativeTarget section */
		E81EB5942C4EEC8700314510 /* ecoflow_monitor */ = {
			isa = PBXNativeTarget;
			buildConfigurationList = E81EB5A32C4EEC8900314510 /* Build configuration list for PBXNativeTarget "ecoflow_monitor" */;
			buildPhases = (
				EC6A9A8CB113A12ABCA72671 /* [CP] Check Pods Manifest.lock */,
				E81EB5912C4EEC8700314510 /* Sources */,
				E81EB5922C4EEC8700314510 /* Frameworks */,
				E81EB5932C4EEC8700314510 /* Resources */,
				C5ADF3EA296A3D27348680FB /* [CP] Embed Pods Frameworks */,
			);
			buildRules = (
			);
			dependencies = (
				E81EB64B2C69224700314510 /* PBXTargetDependency */,
				E81EB6492C6921DF00314510 /* PBXTargetDependency */,
				E81EB5E62C503DDF00314510 /* PBXTargetDependency */,
				E81EB6092C56D67700314510 /* PBXTargetDependency */,
			);
			name = ecoflow_monitor;
			productName = ecoflow_monitor;
			productReference = E81EB5952C4EEC8700314510 /* ecoflow_monitor.app */;
			productType = "com.apple.product-type.application";
		};
		E81EB5B42C50277F00314510 /* ecoflow_monitor.Data */ = {
			isa = PBXNativeTarget;
			buildConfigurationList = E81EB5B92C50277F00314510 /* Build configuration list for PBXNativeTarget "ecoflow_monitor.Data" */;
			buildPhases = (
				E81EB5B12C50277F00314510 /* Sources */,
				E81EB5B22C50277F00314510 /* Frameworks */,
				E81EB5B32C50277F00314510 /* CopyFiles */,
			);
			buildRules = (
			);
			dependencies = (
			);
			name = ecoflow_monitor.Data;
			productName = ecoflow_monitor.Data;
			productReference = E81EB5B52C50277F00314510 /* libecoflow_monitor.Data.a */;
			productType = "com.apple.product-type.library.static";
		};
		E81EB5CB2C5035E800314510 /* ecoflow_monitor.API */ = {
			isa = PBXNativeTarget;
			buildConfigurationList = E81EB5D02C5035E800314510 /* Build configuration list for PBXNativeTarget "ecoflow_monitor.API" */;
			buildPhases = (
				B1BF382F454031C33B3A55CC /* [CP] Check Pods Manifest.lock */,
				E81EB5C82C5035E800314510 /* Sources */,
				E81EB5C92C5035E800314510 /* Frameworks */,
				E81EB5CA2C5035E800314510 /* CopyFiles */,
			);
			buildRules = (
			);
			dependencies = (
				E81EB5DA2C50364700314510 /* PBXTargetDependency */,
			);
			name = ecoflow_monitor.API;
			productName = ecoflow_monitor.API;
			productReference = E81EB5CC2C5035E800314510 /* libecoflow_monitor.API.a */;
			productType = "com.apple.product-type.library.static";
		};
		E81EB5F52C54E87200314510 /* ecoflow_monitor.Domain */ = {
			isa = PBXNativeTarget;
			buildConfigurationList = E81EB5FA2C54E87200314510 /* Build configuration list for PBXNativeTarget "ecoflow_monitor.Domain" */;
			buildPhases = (
				325C9EB1681E102EFC457703 /* [CP] Check Pods Manifest.lock */,
				E81EB5F22C54E87200314510 /* Sources */,
				E81EB5F32C54E87200314510 /* Frameworks */,
				E81EB5F42C54E87200314510 /* CopyFiles */,
			);
			buildRules = (
			);
			dependencies = (
				E81EB6022C54E96A00314510 /* PBXTargetDependency */,
			);
			name = ecoflow_monitor.Domain;
			productName = ecoflow_monitor.Domain;
			productReference = E81EB5F62C54E87200314510 /* libecoflow_monitor.Domain.a */;
			productType = "com.apple.product-type.library.static";
		};
		E81EB63C2C691DC800314510 /* ecoflow_monitor.Mock */ = {
			isa = PBXNativeTarget;
			buildConfigurationList = E81EB6412C691DC800314510 /* Build configuration list for PBXNativeTarget "ecoflow_monitor.Mock" */;
			buildPhases = (
				E81EB6392C691DC800314510 /* Sources */,
				E81EB63A2C691DC800314510 /* Frameworks */,
				E81EB63B2C691DC800314510 /* CopyFiles */,
			);
			buildRules = (
			);
			dependencies = (
				E81EB6612C6DD0BE00314510 /* PBXTargetDependency */,
				E81EB6452C691DFA00314510 /* PBXTargetDependency */,
			);
			name = ecoflow_monitor.Mock;
			productName = ecoflow_monitor.Mock;
			productReference = E81EB63D2C691DC800314510 /* libecoflow_monitor.Mock.a */;
			productType = "com.apple.product-type.library.static";
		};
/* End PBXNativeTarget section */

/* Begin PBXProject section */
		E81EB58D2C4EEC8700314510 /* Project object */ = {
			isa = PBXProject;
			attributes = {
				BuildIndependentTargetsInParallel = 1;
				LastSwiftUpdateCheck = 1420;
				LastUpgradeCheck = 1420;
				TargetAttributes = {
					E81EB5942C4EEC8700314510 = {
						CreatedOnToolsVersion = 14.2;
					};
					E81EB5B42C50277F00314510 = {
						CreatedOnToolsVersion = 14.2;
						LastSwiftMigration = 1420;
					};
					E81EB5CB2C5035E800314510 = {
						CreatedOnToolsVersion = 14.2;
						LastSwiftMigration = 1420;
					};
					E81EB5F52C54E87200314510 = {
						CreatedOnToolsVersion = 14.2;
						LastSwiftMigration = 1420;
					};
					E81EB63C2C691DC800314510 = {
						CreatedOnToolsVersion = 14.2;
						LastSwiftMigration = 1420;
					};
				};
			};
			buildConfigurationList = E81EB5902C4EEC8700314510 /* Build configuration list for PBXProject "ecoflow_monitor" */;
			compatibilityVersion = "Xcode 14.0";
			developmentRegion = en;
			hasScannedForEncodings = 0;
			knownRegions = (
				en,
				Base,
			);
			mainGroup = E81EB58C2C4EEC8700314510;
			productRefGroup = E81EB5962C4EEC8700314510 /* Products */;
			projectDirPath = "";
			projectRoot = "";
			targets = (
				E81EB5942C4EEC8700314510 /* ecoflow_monitor */,
				E81EB5B42C50277F00314510 /* ecoflow_monitor.Data */,
				E81EB5CB2C5035E800314510 /* ecoflow_monitor.API */,
				E81EB5F52C54E87200314510 /* ecoflow_monitor.Domain */,
				E81EB63C2C691DC800314510 /* ecoflow_monitor.Mock */,
			);
		};
/* End PBXProject section */

/* Begin PBXResourcesBuildPhase section */
		E81EB5932C4EEC8700314510 /* Resources */ = {
			isa = PBXResourcesBuildPhase;
			buildActionMask = 2147483647;
			files = (
				E81EB6222C67E12800314510 /* Localizable.strings in Resources */,
				E81EB5A02C4EEC8900314510 /* Preview Assets.xcassets in Resources */,
				E81EB59D2C4EEC8900314510 /* Assets.xcassets in Resources */,
			);
			runOnlyForDeploymentPostprocessing = 0;
		};
/* End PBXResourcesBuildPhase section */

/* Begin PBXShellScriptBuildPhase section */
		325C9EB1681E102EFC457703 /* [CP] Check Pods Manifest.lock */ = {
			isa = PBXShellScriptBuildPhase;
			buildActionMask = 2147483647;
			files = (
			);
			inputFileListPaths = (
			);
			inputPaths = (
				"${PODS_PODFILE_DIR_PATH}/Podfile.lock",
				"${PODS_ROOT}/Manifest.lock",
			);
			name = "[CP] Check Pods Manifest.lock";
			outputFileListPaths = (
			);
			outputPaths = (
				"$(DERIVED_FILE_DIR)/Pods-ecoflow_monitor.API-ecoflow_monitor.Domain-checkManifestLockResult.txt",
			);
			runOnlyForDeploymentPostprocessing = 0;
			shellPath = /bin/sh;
			shellScript = "diff \"${PODS_PODFILE_DIR_PATH}/Podfile.lock\" \"${PODS_ROOT}/Manifest.lock\" > /dev/null\nif [ $? != 0 ] ; then\n    # print error to STDERR\n    echo \"error: The sandbox is not in sync with the Podfile.lock. Run 'pod install' or update your CocoaPods installation.\" >&2\n    exit 1\nfi\n# This output is used by Xcode 'outputs' to avoid re-running this script phase.\necho \"SUCCESS\" > \"${SCRIPT_OUTPUT_FILE_0}\"\n";
			showEnvVarsInLog = 0;
		};
		B1BF382F454031C33B3A55CC /* [CP] Check Pods Manifest.lock */ = {
			isa = PBXShellScriptBuildPhase;
			buildActionMask = 2147483647;
			files = (
			);
			inputFileListPaths = (
			);
			inputPaths = (
				"${PODS_PODFILE_DIR_PATH}/Podfile.lock",
				"${PODS_ROOT}/Manifest.lock",
			);
			name = "[CP] Check Pods Manifest.lock";
			outputFileListPaths = (
			);
			outputPaths = (
				"$(DERIVED_FILE_DIR)/Pods-ecoflow_monitor.API-checkManifestLockResult.txt",
			);
			runOnlyForDeploymentPostprocessing = 0;
			shellPath = /bin/sh;
			shellScript = "diff \"${PODS_PODFILE_DIR_PATH}/Podfile.lock\" \"${PODS_ROOT}/Manifest.lock\" > /dev/null\nif [ $? != 0 ] ; then\n    # print error to STDERR\n    echo \"error: The sandbox is not in sync with the Podfile.lock. Run 'pod install' or update your CocoaPods installation.\" >&2\n    exit 1\nfi\n# This output is used by Xcode 'outputs' to avoid re-running this script phase.\necho \"SUCCESS\" > \"${SCRIPT_OUTPUT_FILE_0}\"\n";
			showEnvVarsInLog = 0;
		};
		C5ADF3EA296A3D27348680FB /* [CP] Embed Pods Frameworks */ = {
			isa = PBXShellScriptBuildPhase;
			buildActionMask = 2147483647;
			files = (
			);
			inputFileListPaths = (
				"${PODS_ROOT}/Target Support Files/Pods-ecoflow_monitor.API-ecoflow_monitor.Domain-ecoflow_monitor/Pods-ecoflow_monitor.API-ecoflow_monitor.Domain-ecoflow_monitor-frameworks-${CONFIGURATION}-input-files.xcfilelist",
			);
			name = "[CP] Embed Pods Frameworks";
			outputFileListPaths = (
				"${PODS_ROOT}/Target Support Files/Pods-ecoflow_monitor.API-ecoflow_monitor.Domain-ecoflow_monitor/Pods-ecoflow_monitor.API-ecoflow_monitor.Domain-ecoflow_monitor-frameworks-${CONFIGURATION}-output-files.xcfilelist",
			);
			runOnlyForDeploymentPostprocessing = 0;
			shellPath = /bin/sh;
			shellScript = "\"${PODS_ROOT}/Target Support Files/Pods-ecoflow_monitor.API-ecoflow_monitor.Domain-ecoflow_monitor/Pods-ecoflow_monitor.API-ecoflow_monitor.Domain-ecoflow_monitor-frameworks.sh\"\n";
			showEnvVarsInLog = 0;
		};
		EC6A9A8CB113A12ABCA72671 /* [CP] Check Pods Manifest.lock */ = {
			isa = PBXShellScriptBuildPhase;
			buildActionMask = 2147483647;
			files = (
			);
			inputFileListPaths = (
			);
			inputPaths = (
				"${PODS_PODFILE_DIR_PATH}/Podfile.lock",
				"${PODS_ROOT}/Manifest.lock",
			);
			name = "[CP] Check Pods Manifest.lock";
			outputFileListPaths = (
			);
			outputPaths = (
				"$(DERIVED_FILE_DIR)/Pods-ecoflow_monitor.API-ecoflow_monitor.Domain-ecoflow_monitor-checkManifestLockResult.txt",
			);
			runOnlyForDeploymentPostprocessing = 0;
			shellPath = /bin/sh;
			shellScript = "diff \"${PODS_PODFILE_DIR_PATH}/Podfile.lock\" \"${PODS_ROOT}/Manifest.lock\" > /dev/null\nif [ $? != 0 ] ; then\n    # print error to STDERR\n    echo \"error: The sandbox is not in sync with the Podfile.lock. Run 'pod install' or update your CocoaPods installation.\" >&2\n    exit 1\nfi\n# This output is used by Xcode 'outputs' to avoid re-running this script phase.\necho \"SUCCESS\" > \"${SCRIPT_OUTPUT_FILE_0}\"\n";
			showEnvVarsInLog = 0;
		};
/* End PBXShellScriptBuildPhase section */

/* Begin PBXSourcesBuildPhase section */
		E81EB5912C4EEC8700314510 /* Sources */ = {
			isa = PBXSourcesBuildPhase;
			buildActionMask = 2147483647;
			files = (
				E81EB6342C69143C00314510 /* Inject.swift in Sources */,
				E81EB6312C69122B00314510 /* DeviceListViewModel.swift in Sources */,
				E81EB6362C69147A00314510 /* ServiceLocator.swift in Sources */,
				E81EB59B2C4EEC8700314510 /* LoginView.swift in Sources */,
				E81EB6262C67E1A800314510 /* StringExtensions.swift in Sources */,
				E81EB6382C69152B00314510 /* ContainerBuilder.swift in Sources */,
				E81EB5992C4EEC8700314510 /* ecoflow_monitorApp.swift in Sources */,
				E81EB60D2C582ED800314510 /* LoginViewModel.swift in Sources */,
				E81EB6552C6D39C400314510 /* DeviceListItemView.swift in Sources */,
				E81EB62F2C69121900314510 /* DeviceListView.swift in Sources */,
				E81EB6192C654AA400314510 /* ColorExtensions.swift in Sources */,
				E81EB6572C6D3A1000314510 /* DeviceListItemViewModel.swift in Sources */,
			);
			runOnlyForDeploymentPostprocessing = 0;
		};
		E81EB5B12C50277F00314510 /* Sources */ = {
			isa = PBXSourcesBuildPhase;
			buildActionMask = 2147483647;
			files = (
				E81EB60B2C582A6300314510 /* EcoflowDataResponse.swift in Sources */,
				E81EB5C72C5032F300314510 /* EcoflowAuthDAO.swift in Sources */,
				E81EB5C12C50280E00314510 /* EcoflowMQTTAuthData.swift in Sources */,
				E81EB5BF2C5027EC00314510 /* EcoflowAuthData.swift in Sources */,
				E81EB62A2C69095200314510 /* EcoflowDeviceDAO.swift in Sources */,
				E81EB6282C67E8A300314510 /* LoadError.swift in Sources */,
				E81EB62C2C69097600314510 /* EcoflowDevice.swift in Sources */,
			);
			runOnlyForDeploymentPostprocessing = 0;
		};
		E81EB5C82C5035E800314510 /* Sources */ = {
			isa = PBXSourcesBuildPhase;
			buildActionMask = 2147483647;
			files = (
				E81EB5D52C50361800314510 /* EcoflowAPIDAO.swift in Sources */,
			);
			runOnlyForDeploymentPostprocessing = 0;
		};
		E81EB5F22C54E87200314510 /* Sources */ = {
			isa = PBXSourcesBuildPhase;
			buildActionMask = 2147483647;
			files = (
				E81EB64F2C6A8B6600314510 /* EcoflowDevicesContext.swift in Sources */,
				E81EB65D2C6D417A00314510 /* MQTTConnector.swift in Sources */,
				E81EB5FE2C54E94100314510 /* EcoflowAuthContext.swift in Sources */,
				E81EB6512C6C7CAF00314510 /* KnownParameters.swift in Sources */,
				E81EB6062C54EB5A00314510 /* EcoflowMQTTConnector.swift in Sources */,
				E81EB6532C6CB7C300314510 /* EcoflowDeviceObserver.swift in Sources */,
			);
			runOnlyForDeploymentPostprocessing = 0;
		};
		E81EB6392C691DC800314510 /* Sources */ = {
			isa = PBXSourcesBuildPhase;
			buildActionMask = 2147483647;
			files = (
				E81EB6472C691E0F00314510 /* EcoflowMockDAO.swift in Sources */,
				E81EB65F2C6D439500314510 /* MockMQTTConnector.swift in Sources */,
			);
			runOnlyForDeploymentPostprocessing = 0;
		};
/* End PBXSourcesBuildPhase section */

/* Begin PBXTargetDependency section */
		E81EB5DA2C50364700314510 /* PBXTargetDependency */ = {
			isa = PBXTargetDependency;
			target = E81EB5B42C50277F00314510 /* ecoflow_monitor.Data */;
			targetProxy = E81EB5D92C50364700314510 /* PBXContainerItemProxy */;
		};
		E81EB5E62C503DDF00314510 /* PBXTargetDependency */ = {
			isa = PBXTargetDependency;
			target = E81EB5B42C50277F00314510 /* ecoflow_monitor.Data */;
			targetProxy = E81EB5E52C503DDF00314510 /* PBXContainerItemProxy */;
		};
		E81EB6022C54E96A00314510 /* PBXTargetDependency */ = {
			isa = PBXTargetDependency;
			target = E81EB5B42C50277F00314510 /* ecoflow_monitor.Data */;
			targetProxy = E81EB6012C54E96A00314510 /* PBXContainerItemProxy */;
		};
		E81EB6092C56D67700314510 /* PBXTargetDependency */ = {
			isa = PBXTargetDependency;
			target = E81EB5F52C54E87200314510 /* ecoflow_monitor.Domain */;
			targetProxy = E81EB6082C56D67700314510 /* PBXContainerItemProxy */;
		};
		E81EB6452C691DFA00314510 /* PBXTargetDependency */ = {
			isa = PBXTargetDependency;
			target = E81EB5B42C50277F00314510 /* ecoflow_monitor.Data */;
			targetProxy = E81EB6442C691DFA00314510 /* PBXContainerItemProxy */;
		};
		E81EB6492C6921DF00314510 /* PBXTargetDependency */ = {
			isa = PBXTargetDependency;
			target = E81EB63C2C691DC800314510 /* ecoflow_monitor.Mock */;
			targetProxy = E81EB6482C6921DF00314510 /* PBXContainerItemProxy */;
		};
		E81EB64B2C69224700314510 /* PBXTargetDependency */ = {
			isa = PBXTargetDependency;
			target = E81EB5CB2C5035E800314510 /* ecoflow_monitor.API */;
			targetProxy = E81EB64A2C69224700314510 /* PBXContainerItemProxy */;
		};
		E81EB6612C6DD0BE00314510 /* PBXTargetDependency */ = {
			isa = PBXTargetDependency;
			target = E81EB5F52C54E87200314510 /* ecoflow_monitor.Domain */;
			targetProxy = E81EB6602C6DD0BE00314510 /* PBXContainerItemProxy */;
		};
/* End PBXTargetDependency section */

/* Begin PBXVariantGroup section */
		E81EB6242C67E12800314510 /* Localizable.strings */ = {
			isa = PBXVariantGroup;
			children = (
				E81EB6232C67E12800314510 /* en */,
			);
			name = Localizable.strings;
			sourceTree = "<group>";
		};
/* End PBXVariantGroup section */

/* Begin XCBuildConfiguration section */
		E81EB5A12C4EEC8900314510 /* Debug */ = {
			isa = XCBuildConfiguration;
			buildSettings = {
				ALWAYS_SEARCH_USER_PATHS = NO;
				CLANG_ANALYZER_NONNULL = YES;
				CLANG_ANALYZER_NUMBER_OBJECT_CONVERSION = YES_AGGRESSIVE;
				CLANG_CXX_LANGUAGE_STANDARD = "gnu++20";
				CLANG_ENABLE_MODULES = YES;
				CLANG_ENABLE_OBJC_ARC = YES;
				CLANG_ENABLE_OBJC_WEAK = YES;
				CLANG_WARN_BLOCK_CAPTURE_AUTORELEASING = YES;
				CLANG_WARN_BOOL_CONVERSION = YES;
				CLANG_WARN_COMMA = YES;
				CLANG_WARN_CONSTANT_CONVERSION = YES;
				CLANG_WARN_DEPRECATED_OBJC_IMPLEMENTATIONS = YES;
				CLANG_WARN_DIRECT_OBJC_ISA_USAGE = YES_ERROR;
				CLANG_WARN_DOCUMENTATION_COMMENTS = YES;
				CLANG_WARN_EMPTY_BODY = YES;
				CLANG_WARN_ENUM_CONVERSION = YES;
				CLANG_WARN_INFINITE_RECURSION = YES;
				CLANG_WARN_INT_CONVERSION = YES;
				CLANG_WARN_NON_LITERAL_NULL_CONVERSION = YES;
				CLANG_WARN_OBJC_IMPLICIT_RETAIN_SELF = YES;
				CLANG_WARN_OBJC_LITERAL_CONVERSION = YES;
				CLANG_WARN_OBJC_ROOT_CLASS = YES_ERROR;
				CLANG_WARN_QUOTED_INCLUDE_IN_FRAMEWORK_HEADER = YES;
				CLANG_WARN_RANGE_LOOP_ANALYSIS = YES;
				CLANG_WARN_STRICT_PROTOTYPES = YES;
				CLANG_WARN_SUSPICIOUS_MOVE = YES;
				CLANG_WARN_UNGUARDED_AVAILABILITY = YES_AGGRESSIVE;
				CLANG_WARN_UNREACHABLE_CODE = YES;
				CLANG_WARN__DUPLICATE_METHOD_MATCH = YES;
				COPY_PHASE_STRIP = NO;
				DEBUG_INFORMATION_FORMAT = dwarf;
				ENABLE_STRICT_OBJC_MSGSEND = YES;
				ENABLE_TESTABILITY = YES;
				GCC_C_LANGUAGE_STANDARD = gnu11;
				GCC_DYNAMIC_NO_PIC = NO;
				GCC_NO_COMMON_BLOCKS = YES;
				GCC_OPTIMIZATION_LEVEL = 0;
				GCC_PREPROCESSOR_DEFINITIONS = (
					"DEBUG=1",
					"$(inherited)",
				);
				GCC_WARN_64_TO_32_BIT_CONVERSION = YES;
				GCC_WARN_ABOUT_RETURN_TYPE = YES_ERROR;
				GCC_WARN_UNDECLARED_SELECTOR = YES;
				GCC_WARN_UNINITIALIZED_AUTOS = YES_AGGRESSIVE;
				GCC_WARN_UNUSED_FUNCTION = YES;
				GCC_WARN_UNUSED_VARIABLE = YES;
				IPHONEOS_DEPLOYMENT_TARGET = 16.2;
				MTL_ENABLE_DEBUG_INFO = INCLUDE_SOURCE;
				MTL_FAST_MATH = YES;
				ONLY_ACTIVE_ARCH = YES;
				SDKROOT = iphoneos;
				SWIFT_ACTIVE_COMPILATION_CONDITIONS = DEBUG;
				SWIFT_OPTIMIZATION_LEVEL = "-Onone";
			};
			name = Debug;
		};
		E81EB5A22C4EEC8900314510 /* Release */ = {
			isa = XCBuildConfiguration;
			buildSettings = {
				ALWAYS_SEARCH_USER_PATHS = NO;
				CLANG_ANALYZER_NONNULL = YES;
				CLANG_ANALYZER_NUMBER_OBJECT_CONVERSION = YES_AGGRESSIVE;
				CLANG_CXX_LANGUAGE_STANDARD = "gnu++20";
				CLANG_ENABLE_MODULES = YES;
				CLANG_ENABLE_OBJC_ARC = YES;
				CLANG_ENABLE_OBJC_WEAK = YES;
				CLANG_WARN_BLOCK_CAPTURE_AUTORELEASING = YES;
				CLANG_WARN_BOOL_CONVERSION = YES;
				CLANG_WARN_COMMA = YES;
				CLANG_WARN_CONSTANT_CONVERSION = YES;
				CLANG_WARN_DEPRECATED_OBJC_IMPLEMENTATIONS = YES;
				CLANG_WARN_DIRECT_OBJC_ISA_USAGE = YES_ERROR;
				CLANG_WARN_DOCUMENTATION_COMMENTS = YES;
				CLANG_WARN_EMPTY_BODY = YES;
				CLANG_WARN_ENUM_CONVERSION = YES;
				CLANG_WARN_INFINITE_RECURSION = YES;
				CLANG_WARN_INT_CONVERSION = YES;
				CLANG_WARN_NON_LITERAL_NULL_CONVERSION = YES;
				CLANG_WARN_OBJC_IMPLICIT_RETAIN_SELF = YES;
				CLANG_WARN_OBJC_LITERAL_CONVERSION = YES;
				CLANG_WARN_OBJC_ROOT_CLASS = YES_ERROR;
				CLANG_WARN_QUOTED_INCLUDE_IN_FRAMEWORK_HEADER = YES;
				CLANG_WARN_RANGE_LOOP_ANALYSIS = YES;
				CLANG_WARN_STRICT_PROTOTYPES = YES;
				CLANG_WARN_SUSPICIOUS_MOVE = YES;
				CLANG_WARN_UNGUARDED_AVAILABILITY = YES_AGGRESSIVE;
				CLANG_WARN_UNREACHABLE_CODE = YES;
				CLANG_WARN__DUPLICATE_METHOD_MATCH = YES;
				COPY_PHASE_STRIP = NO;
				DEBUG_INFORMATION_FORMAT = "dwarf-with-dsym";
				ENABLE_NS_ASSERTIONS = NO;
				ENABLE_STRICT_OBJC_MSGSEND = YES;
				GCC_C_LANGUAGE_STANDARD = gnu11;
				GCC_NO_COMMON_BLOCKS = YES;
				GCC_WARN_64_TO_32_BIT_CONVERSION = YES;
				GCC_WARN_ABOUT_RETURN_TYPE = YES_ERROR;
				GCC_WARN_UNDECLARED_SELECTOR = YES;
				GCC_WARN_UNINITIALIZED_AUTOS = YES_AGGRESSIVE;
				GCC_WARN_UNUSED_FUNCTION = YES;
				GCC_WARN_UNUSED_VARIABLE = YES;
				IPHONEOS_DEPLOYMENT_TARGET = 16.2;
				MTL_ENABLE_DEBUG_INFO = NO;
				MTL_FAST_MATH = YES;
				SDKROOT = iphoneos;
				SWIFT_COMPILATION_MODE = wholemodule;
				SWIFT_OPTIMIZATION_LEVEL = "-O";
				VALIDATE_PRODUCT = YES;
			};
			name = Release;
		};
		E81EB5A42C4EEC8900314510 /* Debug */ = {
			isa = XCBuildConfiguration;
			baseConfigurationReference = 18313E19632D372B938456F9 /* Pods-ecoflow_monitor.API-ecoflow_monitor.Domain-ecoflow_monitor.debug.xcconfig */;
			buildSettings = {
				ASSETCATALOG_COMPILER_APPICON_NAME = AppIcon;
				ASSETCATALOG_COMPILER_GLOBAL_ACCENT_COLOR_NAME = AccentColor;
				CODE_SIGN_STYLE = Automatic;
				CURRENT_PROJECT_VERSION = 1;
				DEVELOPMENT_ASSET_PATHS = "\"ecoflow_monitor/Preview Content\"";
				DEVELOPMENT_TEAM = 55L5G38UX5;
				ENABLE_PREVIEWS = YES;
				GENERATE_INFOPLIST_FILE = YES;
				INFOPLIST_KEY_UIApplicationSceneManifest_Generation = YES;
				INFOPLIST_KEY_UIApplicationSupportsIndirectInputEvents = YES;
				INFOPLIST_KEY_UILaunchScreen_Generation = YES;
				INFOPLIST_KEY_UISupportedInterfaceOrientations_iPad = "UIInterfaceOrientationPortrait UIInterfaceOrientationPortraitUpsideDown UIInterfaceOrientationLandscapeLeft UIInterfaceOrientationLandscapeRight";
				INFOPLIST_KEY_UISupportedInterfaceOrientations_iPhone = "UIInterfaceOrientationPortrait UIInterfaceOrientationLandscapeLeft UIInterfaceOrientationLandscapeRight";
				LD_RUNPATH_SEARCH_PATHS = (
					"$(inherited)",
					"@executable_path/Frameworks",
				);
				MARKETING_VERSION = 1.0;
				PRODUCT_BUNDLE_IDENTIFIER = "dev.zindan.ecoflow-monitor";
				PRODUCT_NAME = "$(TARGET_NAME)";
				SWIFT_EMIT_LOC_STRINGS = YES;
				SWIFT_INCLUDE_PATHS = "";
				SWIFT_VERSION = 5.0;
				TARGETED_DEVICE_FAMILY = "1,2";
			};
			name = Debug;
		};
		E81EB5A52C4EEC8900314510 /* Release */ = {
			isa = XCBuildConfiguration;
			baseConfigurationReference = 0249C3173B9FE532CB1AA955 /* Pods-ecoflow_monitor.API-ecoflow_monitor.Domain-ecoflow_monitor.release.xcconfig */;
			buildSettings = {
				ASSETCATALOG_COMPILER_APPICON_NAME = AppIcon;
				ASSETCATALOG_COMPILER_GLOBAL_ACCENT_COLOR_NAME = AccentColor;
				CODE_SIGN_STYLE = Automatic;
				CURRENT_PROJECT_VERSION = 1;
				DEVELOPMENT_ASSET_PATHS = "\"ecoflow_monitor/Preview Content\"";
				DEVELOPMENT_TEAM = 55L5G38UX5;
				ENABLE_PREVIEWS = YES;
				GENERATE_INFOPLIST_FILE = YES;
				INFOPLIST_KEY_UIApplicationSceneManifest_Generation = YES;
				INFOPLIST_KEY_UIApplicationSupportsIndirectInputEvents = YES;
				INFOPLIST_KEY_UILaunchScreen_Generation = YES;
				INFOPLIST_KEY_UISupportedInterfaceOrientations_iPad = "UIInterfaceOrientationPortrait UIInterfaceOrientationPortraitUpsideDown UIInterfaceOrientationLandscapeLeft UIInterfaceOrientationLandscapeRight";
				INFOPLIST_KEY_UISupportedInterfaceOrientations_iPhone = "UIInterfaceOrientationPortrait UIInterfaceOrientationLandscapeLeft UIInterfaceOrientationLandscapeRight";
				LD_RUNPATH_SEARCH_PATHS = (
					"$(inherited)",
					"@executable_path/Frameworks",
				);
				MARKETING_VERSION = 1.0;
				PRODUCT_BUNDLE_IDENTIFIER = "dev.zindan.ecoflow-monitor";
				PRODUCT_NAME = "$(TARGET_NAME)";
				SWIFT_EMIT_LOC_STRINGS = YES;
				SWIFT_INCLUDE_PATHS = "";
				SWIFT_VERSION = 5.0;
				TARGETED_DEVICE_FAMILY = "1,2";
			};
			name = Release;
		};
		E81EB5BA2C50277F00314510 /* Debug */ = {
			isa = XCBuildConfiguration;
			buildSettings = {
				CLANG_ENABLE_MODULES = YES;
				CODE_SIGN_STYLE = Automatic;
				DEVELOPMENT_TEAM = 55L5G38UX5;
				LD_RUNPATH_SEARCH_PATHS = (
					"$(inherited)",
					"@executable_path/Frameworks",
					"@loader_path/Frameworks",
				);
				OTHER_LDFLAGS = "-ObjC";
				PRODUCT_NAME = "$(TARGET_NAME)";
				SKIP_INSTALL = YES;
				SWIFT_OPTIMIZATION_LEVEL = "-Onone";
				SWIFT_VERSION = 5.0;
				TARGETED_DEVICE_FAMILY = "1,2";
			};
			name = Debug;
		};
		E81EB5BB2C50277F00314510 /* Release */ = {
			isa = XCBuildConfiguration;
			buildSettings = {
				CLANG_ENABLE_MODULES = YES;
				CODE_SIGN_STYLE = Automatic;
				DEVELOPMENT_TEAM = 55L5G38UX5;
				LD_RUNPATH_SEARCH_PATHS = (
					"$(inherited)",
					"@executable_path/Frameworks",
					"@loader_path/Frameworks",
				);
				OTHER_LDFLAGS = "-ObjC";
				PRODUCT_NAME = "$(TARGET_NAME)";
				SKIP_INSTALL = YES;
				SWIFT_VERSION = 5.0;
				TARGETED_DEVICE_FAMILY = "1,2";
			};
			name = Release;
		};
		E81EB5D12C5035E800314510 /* Debug */ = {
			isa = XCBuildConfiguration;
			baseConfigurationReference = 9D677694F6A3E2ADDC87357B /* Pods-ecoflow_monitor.API.debug.xcconfig */;
			buildSettings = {
				CLANG_ENABLE_MODULES = YES;
				CODE_SIGN_STYLE = Automatic;
				DEVELOPMENT_TEAM = 55L5G38UX5;
				LD_RUNPATH_SEARCH_PATHS = (
					"$(inherited)",
					"@executable_path/Frameworks",
					"@loader_path/Frameworks",
				);
				OTHER_LDFLAGS = "-ObjC";
				PRODUCT_NAME = "$(TARGET_NAME)";
				SKIP_INSTALL = YES;
				SWIFT_OPTIMIZATION_LEVEL = "-Onone";
				SWIFT_VERSION = 5.0;
				TARGETED_DEVICE_FAMILY = "1,2";
			};
			name = Debug;
		};
		E81EB5D22C5035E800314510 /* Release */ = {
			isa = XCBuildConfiguration;
			baseConfigurationReference = 7C0BC0E2FADED3155BFEA46C /* Pods-ecoflow_monitor.API.release.xcconfig */;
			buildSettings = {
				CLANG_ENABLE_MODULES = YES;
				CODE_SIGN_STYLE = Automatic;
				DEVELOPMENT_TEAM = 55L5G38UX5;
				LD_RUNPATH_SEARCH_PATHS = (
					"$(inherited)",
					"@executable_path/Frameworks",
					"@loader_path/Frameworks",
				);
				OTHER_LDFLAGS = "-ObjC";
				PRODUCT_NAME = "$(TARGET_NAME)";
				SKIP_INSTALL = YES;
				SWIFT_VERSION = 5.0;
				TARGETED_DEVICE_FAMILY = "1,2";
			};
			name = Release;
		};
		E81EB5FB2C54E87200314510 /* Debug */ = {
			isa = XCBuildConfiguration;
			baseConfigurationReference = C92694B4D634D548AE85732F /* Pods-ecoflow_monitor.API-ecoflow_monitor.Domain.debug.xcconfig */;
			buildSettings = {
				CLANG_ENABLE_MODULES = YES;
				CODE_SIGN_STYLE = Automatic;
				DEVELOPMENT_TEAM = 55L5G38UX5;
				LD_RUNPATH_SEARCH_PATHS = (
					"$(inherited)",
					"@executable_path/Frameworks",
					"@loader_path/Frameworks",
				);
				OTHER_LDFLAGS = "-ObjC";
				PRODUCT_NAME = "$(TARGET_NAME)";
				SKIP_INSTALL = YES;
				SWIFT_OPTIMIZATION_LEVEL = "-Onone";
				SWIFT_VERSION = 5.0;
				TARGETED_DEVICE_FAMILY = "1,2";
			};
			name = Debug;
		};
		E81EB5FC2C54E87200314510 /* Release */ = {
			isa = XCBuildConfiguration;
			baseConfigurationReference = AB09843A0160235F3F58A276 /* Pods-ecoflow_monitor.API-ecoflow_monitor.Domain.release.xcconfig */;
			buildSettings = {
				CLANG_ENABLE_MODULES = YES;
				CODE_SIGN_STYLE = Automatic;
				DEVELOPMENT_TEAM = 55L5G38UX5;
				LD_RUNPATH_SEARCH_PATHS = (
					"$(inherited)",
					"@executable_path/Frameworks",
					"@loader_path/Frameworks",
				);
				OTHER_LDFLAGS = "-ObjC";
				PRODUCT_NAME = "$(TARGET_NAME)";
				SKIP_INSTALL = YES;
				SWIFT_VERSION = 5.0;
				TARGETED_DEVICE_FAMILY = "1,2";
			};
			name = Release;
		};
		E81EB6422C691DC800314510 /* Debug */ = {
			isa = XCBuildConfiguration;
			buildSettings = {
				CLANG_ENABLE_MODULES = YES;
				CODE_SIGN_STYLE = Automatic;
				DEVELOPMENT_TEAM = 55L5G38UX5;
				LD_RUNPATH_SEARCH_PATHS = (
					"$(inherited)",
					"@executable_path/Frameworks",
					"@loader_path/Frameworks",
				);
				OTHER_LDFLAGS = "-ObjC";
				PRODUCT_NAME = "$(TARGET_NAME)";
				SKIP_INSTALL = YES;
				SWIFT_OPTIMIZATION_LEVEL = "-Onone";
				SWIFT_VERSION = 5.0;
				TARGETED_DEVICE_FAMILY = "1,2";
			};
			name = Debug;
		};
		E81EB6432C691DC800314510 /* Release */ = {
			isa = XCBuildConfiguration;
			buildSettings = {
				CLANG_ENABLE_MODULES = YES;
				CODE_SIGN_STYLE = Automatic;
				DEVELOPMENT_TEAM = 55L5G38UX5;
				LD_RUNPATH_SEARCH_PATHS = (
					"$(inherited)",
					"@executable_path/Frameworks",
					"@loader_path/Frameworks",
				);
				OTHER_LDFLAGS = "-ObjC";
				PRODUCT_NAME = "$(TARGET_NAME)";
				SKIP_INSTALL = YES;
				SWIFT_VERSION = 5.0;
				TARGETED_DEVICE_FAMILY = "1,2";
			};
			name = Release;
		};
/* End XCBuildConfiguration section */

/* Begin XCConfigurationList section */
		E81EB5902C4EEC8700314510 /* Build configuration list for PBXProject "ecoflow_monitor" */ = {
			isa = XCConfigurationList;
			buildConfigurations = (
				E81EB5A12C4EEC8900314510 /* Debug */,
				E81EB5A22C4EEC8900314510 /* Release */,
			);
			defaultConfigurationIsVisible = 0;
			defaultConfigurationName = Release;
		};
		E81EB5A32C4EEC8900314510 /* Build configuration list for PBXNativeTarget "ecoflow_monitor" */ = {
			isa = XCConfigurationList;
			buildConfigurations = (
				E81EB5A42C4EEC8900314510 /* Debug */,
				E81EB5A52C4EEC8900314510 /* Release */,
			);
			defaultConfigurationIsVisible = 0;
			defaultConfigurationName = Release;
		};
		E81EB5B92C50277F00314510 /* Build configuration list for PBXNativeTarget "ecoflow_monitor.Data" */ = {
			isa = XCConfigurationList;
			buildConfigurations = (
				E81EB5BA2C50277F00314510 /* Debug */,
				E81EB5BB2C50277F00314510 /* Release */,
			);
			defaultConfigurationIsVisible = 0;
			defaultConfigurationName = Release;
		};
		E81EB5D02C5035E800314510 /* Build configuration list for PBXNativeTarget "ecoflow_monitor.API" */ = {
			isa = XCConfigurationList;
			buildConfigurations = (
				E81EB5D12C5035E800314510 /* Debug */,
				E81EB5D22C5035E800314510 /* Release */,
			);
			defaultConfigurationIsVisible = 0;
			defaultConfigurationName = Release;
		};
		E81EB5FA2C54E87200314510 /* Build configuration list for PBXNativeTarget "ecoflow_monitor.Domain" */ = {
			isa = XCConfigurationList;
			buildConfigurations = (
				E81EB5FB2C54E87200314510 /* Debug */,
				E81EB5FC2C54E87200314510 /* Release */,
			);
			defaultConfigurationIsVisible = 0;
			defaultConfigurationName = Release;
		};
		E81EB6412C691DC800314510 /* Build configuration list for PBXNativeTarget "ecoflow_monitor.Mock" */ = {
			isa = XCConfigurationList;
			buildConfigurations = (
				E81EB6422C691DC800314510 /* Debug */,
				E81EB6432C691DC800314510 /* Release */,
			);
			defaultConfigurationIsVisible = 0;
			defaultConfigurationName = Release;
		};
/* End XCConfigurationList section */
	};
	rootObject = E81EB58D2C4EEC8700314510 /* Project object */;
}
